
Microsoft Visual Studio Solution File, Format Version 12.00
# Visual Studio Version 17
VisualStudioVersion = 17.9.34622.214
MinimumVisualStudioVersion = 10.0.40219.1
Project("{FAE04EC0-301F-11D3-BF4B-00C04F79EFBC}") = "RankingApp.Server", "RankingApp.Server\RankingApp.Server.csproj", "{B99D67CC-D145-4D07-BF1A-5EC4B6FD0868}"
EndProject
Project("{54A90642-561A-4BB1-A94E-469ADEE60C69}") = "rankingapp.client", "rankingapp.client\rankingapp.client.esproj", "{20CFB6D1-C505-4778-9AC0-D9E88B0EB196}"
EndProject
Global
	GlobalSection(SolutionConfigurationPlatforms) = preSolution
		Debug|Any CPU = Debug|Any CPU
		Release|Any CPU = Release|Any CPU
	EndGlobalSection
	GlobalSection(ProjectConfigurationPlatforms) = postSolution
		{B99D67CC-D145-4D07-BF1A-5EC4B6FD0868}.Debug|Any CPU.ActiveCfg = Debug|Any CPU
		{B99D67CC-D145-4D07-BF1A-5EC4B6FD0868}.Debug|Any CPU.Build.0 = Debug|Any CPU
		{B99D67CC-D145-4D07-BF1A-5EC4B6FD0868}.Release|Any CPU.ActiveCfg = Release|Any CPU
		{B99D67CC-D145-4D07-BF1A-5EC4B6FD0868}.Release|Any CPU.Build.0 = Release|Any CPU
		{20CFB6D1-C505-4778-9AC0-D9E88B0EB196}.Debug|Any CPU.ActiveCfg = Debug|Any CPU
		{20CFB6D1-C505-4778-9AC0-D9E88B0EB196}.Debug|Any CPU.Build.0 = Debug|Any CPU
		{20CFB6D1-C505-4778-9AC0-D9E88B0EB196}.Debug|Any CPU.Deploy.0 = Debug|Any CPU
		{20CFB6D1-C505-4778-9AC0-D9E88B0EB196}.Release|Any CPU.ActiveCfg = Release|Any CPU
		{20CFB6D1-C505-4778-9AC0-D9E88B0EB196}.Release|Any CPU.Build.0 = Release|Any CPU
		{20CFB6D1-C505-4778-9AC0-D9E88B0EB196}.Release|Any CPU.Deploy.0 = Release|Any CPU
	EndGlobalSection
	GlobalSection(SolutionProperties) = preSolution
		HideSolutionNode = FALSE
	EndGlobalSection
	GlobalSection(ExtensibilityGlobals) = postSolution
		SolutionGuid = {2A2FC634-AEA4-4C9A-AB4F-2BCCBEE4E635}
	EndGlobalSection
EndGlobal
